// !$*UTF8*$!
{
	archiveVersion = 1;
	classes = {
	};
	objectVersion = 50;
	objects = {

/* Begin PBXBuildFile section */
		F1CC6CE523151BF100CBC6F7 /* AppDelegate.swift in Sources */ = {isa = PBXBuildFile; fileRef = F1CC6CE423151BF100CBC6F7 /* AppDelegate.swift */; };
		F1CC6CE723151BF100CBC6F7 /* ViewController.swift in Sources */ = {isa = PBXBuildFile; fileRef = F1CC6CE623151BF100CBC6F7 /* ViewController.swift */; };
		F1CC6CEA23151BF100CBC6F7 /* Main.storyboard in Resources */ = {isa = PBXBuildFile; fileRef = F1CC6CE823151BF100CBC6F7 /* Main.storyboard */; };
		F1CC6CEC23151BF200CBC6F7 /* Assets.xcassets in Resources */ = {isa = PBXBuildFile; fileRef = F1CC6CEB23151BF200CBC6F7 /* Assets.xcassets */; };
		F1CC6CEF23151BF200CBC6F7 /* LaunchScreen.storyboard in Resources */ = {isa = PBXBuildFile; fileRef = F1CC6CED23151BF200CBC6F7 /* LaunchScreen.storyboard */; };
		F1CC6CF723151C0500CBC6F7 /* HashLabel.swift in Sources */ = {isa = PBXBuildFile; fileRef = F1CC6CF623151C0500CBC6F7 /* HashLabel.swift */; };
/* End PBXBuildFile section */

/* Begin PBXFileReference section */
		F1CC6CE123151BF100CBC6F7 /* HashLabelDemo.app */ = {isa = PBXFileReference; explicitFileType = wrapper.application; includeInIndex = 0; path = HashLabelDemo.app; sourceTree = BUILT_PRODUCTS_DIR; };
		F1CC6CE423151BF100CBC6F7 /* AppDelegate.swift */ = {isa = PBXFileReference; lastKnownFileType = sourcecode.swift; path = AppDelegate.swift; sourceTree = "<group>"; };
		F1CC6CE623151BF100CBC6F7 /* ViewController.swift */ = {isa = PBXFileReference; lastKnownFileType = sourcecode.swift; path = ViewController.swift; sourceTree = "<group>"; };
		F1CC6CE923151BF100CBC6F7 /* Base */ = {isa = PBXFileReference; lastKnownFileType = file.storyboard; name = Base; path = Base.lproj/Main.storyboard; sourceTree = "<group>"; };
		F1CC6CEB23151BF200CBC6F7 /* Assets.xcassets */ = {isa = PBXFileReference; lastKnownFileType = folder.assetcatalog; path = Assets.xcassets; sourceTree = "<group>"; };
		F1CC6CEE23151BF200CBC6F7 /* Base */ = {isa = PBXFileReference; lastKnownFileType = file.storyboard; name = Base; path = Base.lproj/LaunchScreen.storyboard; sourceTree = "<group>"; };
		F1CC6CF023151BF200CBC6F7 /* Info.plist */ = {isa = PBXFileReference; lastKnownFileType = text.plist.xml; path = Info.plist; sourceTree = "<group>"; };
		F1CC6CF623151C0500CBC6F7 /* HashLabel.swift */ = {isa = PBXFileReference; fileEncoding = 4; lastKnownFileType = sourcecode.swift; path = HashLabel.swift; sourceTree = "<group>"; };
/* End PBXFileReference section */

/* Begin PBXFrameworksBuildPhase section */
		F1CC6CDE23151BF100CBC6F7 /* Frameworks */ = {
			isa = PBXFrameworksBuildPhase;
			buildActionMask = 2147483647;
			files = (
			);
			runOnlyForDeploymentPostprocessing = 0;
		};
/* End PBXFrameworksBuildPhase section */

/* Begin PBXGroup section */
		F1CC6CD823151BF100CBC6F7 = {
			isa = PBXGroup;
			children = (
				F1CC6CE323151BF100CBC6F7 /* HashLabelDemo */,
				F1CC6CE223151BF100CBC6F7 /* Products */,
			);
			sourceTree = "<group>";
		};
		F1CC6CE223151BF100CBC6F7 /* Products */ = {
			isa = PBXGroup;
			children = (
				F1CC6CE123151BF100CBC6F7 /* HashLabelDemo.app */,
			);
			name = Products;
			sourceTree = "<group>";
		};
		F1CC6CE323151BF100CBC6F7 /* HashLabelDemo */ = {
			isa = PBXGroup;
			children = (
				F1CC6CE423151BF100CBC6F7 /* AppDelegate.swift */,
				F1CC6CE623151BF100CBC6F7 /* ViewController.swift */,
				F1CC6CF623151C0500CBC6F7 /* HashLabel.swift */,
				F1CC6CE823151BF100CBC6F7 /* Main.storyboard */,
				F1CC6CEB23151BF200CBC6F7 /* Assets.xcassets */,
				F1CC6CED23151BF200CBC6F7 /* LaunchScreen.storyboard */,
				F1CC6CF023151BF200CBC6F7 /* Info.plist */,
			);
			path = HashLabelDemo;
			sourceTree = "<group>";
		};
/* End PBXGroup section */

/* Begin PBXNativeTarget section */
		F1CC6CE023151BF100CBC6F7 /* HashLabelDemo */ = {
			isa = PBXNativeTarget;
			buildConfigurationList = F1CC6CF323151BF200CBC6F7 /* Build configuration list for PBXNativeTarget "HashLabelDemo" */;
			buildPhases = (
				F1CC6CDD23151BF100CBC6F7 /* Sources */,
				F1CC6CDE23151BF100CBC6F7 /* Frameworks */,
				F1CC6CDF23151BF100CBC6F7 /* Resources */,
			);
			buildRules = (
			);
			dependencies = (
			);
			name = HashLabelDemo;
			productName = HashLabelDemo;
			productReference = F1CC6CE123151BF100CBC6F7 /* HashLabelDemo.app */;
			productType = "com.apple.product-type.application";
		};
/* End PBXNativeTarget section */

/* Begin PBXProject section */
		F1CC6CD923151BF100CBC6F7 /* Project object */ = {
			isa = PBXProject;
			attributes = {
				LastSwiftUpdateCheck = 1030;
				LastUpgradeCheck = 1030;
				ORGANIZATIONNAME = whatzwhat;
				TargetAttributes = {
					F1CC6CE023151BF100CBC6F7 = {
						CreatedOnToolsVersion = 10.3;
					};
				};
			};
			buildConfigurationList = F1CC6CDC23151BF100CBC6F7 /* Build configuration list for PBXProject "HashLabelDemo" */;
			compatibilityVersion = "Xcode 9.3";
			developmentRegion = en;
			hasScannedForEncodings = 0;
			knownRegions = (
				en,
				Base,
			);
			mainGroup = F1CC6CD823151BF100CBC6F7;
			productRefGroup = F1CC6CE223151BF100CBC6F7 /* Products */;
			projectDirPath = "";
			projectRoot = "";
			targets = (
				F1CC6CE023151BF100CBC6F7 /* HashLabelDemo */,
			);
		};
/* End PBXProject section */

/* Begin PBXResourcesBuildPhase section */
		F1CC6CDF23151BF100CBC6F7 /* Resources */ = {
			isa = PBXResourcesBuildPhase;
			buildActionMask = 2147483647;
			files = (
				F1CC6CEF23151BF200CBC6F7 /* LaunchScreen.storyboard in Resources */,
				F1CC6CEC23151BF200CBC6F7 /* Assets.xcassets in Resources */,
				F1CC6CEA23151BF100CBC6F7 /* Main.storyboard in Resources */,
			);
			runOnlyForDeploymentPostprocessing = 0;
		};
/* End PBXResourcesBuildPhase section */

/* Begin PBXSourcesBuildPhase section */
		F1CC6CDD23151BF100CBC6F7 /* Sources */ = {
			isa = PBXSourcesBuildPhase;
			buildActionMask = 2147483647;
			files = (
				F1CC6CE723151BF100CBC6F7 /* ViewController.swift in Sources */,
				F1CC6CE523151BF100CBC6F7 /* AppDelegate.swift in Sources */,
				F1CC6CF723151C0500CBC6F7 /* HashLabel.swift in Sources */,
			);
			runOnlyForDeploymentPostprocessing = 0;
		};
/* End PBXSourcesBuildPhase section */

/* Begin PBXVariantGroup section */
		F1CC6CE823151BF100CBC6F7 /* Main.storyboard */ = {
			isa = PBXVariantGroup;
			children = (
				F1CC6CE923151BF100CBC6F7 /* Base */,
			);
			name = Main.storyboard;
			sourceTree = "<group>";
		};
		F1CC6CED23151BF200CBC6F7 /* LaunchScreen.storyboard */ = {
			isa = PBXVariantGroup;
			children = (
				F1CC6CEE23151BF200CBC6F7 /* Base */,
			);
			name = LaunchScreen.storyboard;
			sourceTree = "<group>";
		};
/* End PBXVariantGroup section */

/* Begin XCBuildConfiguration section */
		F1CC6CF123151BF200CBC6F7 /* Debug */ = {
			isa = XCBuildConfiguration;
			buildSettings = {
				ALWAYS_SEARCH_USER_PATHS = NO;
				CLANG_ANALYZER_NONNULL = YES;
				CLANG_ANALYZER_NUMBER_OBJECT_CONVERSION = YES_AGGRESSIVE;
				CLANG_CXX_LANGUAGE_STANDARD = "gnu++14";
				CLANG_CXX_LIBRARY = "libc++";
				CLANG_ENABLE_MODULES = YES;
				CLANG_ENABLE_OBJC_ARC = YES;
				CLANG_ENABLE_OBJC_WEAK = YES;
				CLANG_WARN_BLOCK_CAPTURE_AUTORELEASING = YES;
				CLANG_WARN_BOOL_CONVERSION = YES;
				CLANG_WARN_COMMA = YES;
				CLANG_WARN_CONSTANT_CONVERSION = YES;
				CLANG_WARN_DEPRECATED_OBJC_IMPLEMENTATIONS = YES;
				CLANG_WARN_DIRECT_OBJC_ISA_USAGE = YES_ERROR;
				CLANG_WARN_DOCUMENTATION_COMMENTS = YES;
				CLANG_WARN_EMPTY_BODY = YES;
				CLANG_WARN_ENUM_CONVERSION = YES;
				CLANG_WARN_INFINITE_RECURSION = YES;
				CLANG_WARN_INT_CONVERSION = YES;
				CLANG_WARN_NON_LITERAL_NULL_CONVERSION = YES;
				CLANG_WARN_OBJC_IMPLICIT_RETAIN_SELF = YES;
				CLANG_WARN_OBJC_LITERAL_CONVERSION = YES;
				CLANG_WARN_OBJC_ROOT_CLASS = YES_ERROR;
				CLANG_WARN_RANGE_LOOP_ANALYSIS = YES;
				CLANG_WARN_STRICT_PROTOTYPES = YES;
				CLANG_WARN_SUSPICIOUS_MOVE = YES;
				CLANG_WARN_UNGUARDED_AVAILABILITY = YES_AGGRESSIVE;
				CLANG_WARN_UNREACHABLE_CODE = YES;
				CLANG_WARN__DUPLICATE_METHOD_MATCH = YES;
				CODE_SIGN_IDENTITY = "iPhone Developer";
				COPY_PHASE_STRIP = NO;
				DEBUG_INFORMATION_FORMAT = dwarf;
				ENABLE_STRICT_OBJC_MSGSEND = YES;
				ENABLE_TESTABILITY = YES;
				GCC_C_LANGUAGE_STANDARD = gnu11;
				GCC_DYNAMIC_NO_PIC = NO;
				GCC_NO_COMMON_BLOCKS = YES;
				GCC_OPTIMIZATION_LEVEL = 0;
				GCC_PREPROCESSOR_DEFINITIONS = (
					"DEBUG=1",
					"$(inherited)",
				);
				GCC_WARN_64_TO_32_BIT_CONVERSION = YES;
				GCC_WARN_ABOUT_RETURN_TYPE = YES_ERROR;
				GCC_WARN_UNDECLARED_SELECTOR = YES;
				GCC_WARN_UNINITIALIZED_AUTOS = YES_AGGRESSIVE;
				GCC_WARN_UNUSED_FUNCTION = YES;
				GCC_WARN_UNUSED_VARIABLE = YES;
				IPHONEOS_DEPLOYMENT_TARGET = 12.4;
				MTL_ENABLE_DEBUG_INFO = INCLUDE_SOURCE;
				MTL_FAST_MATH = YES;
				ONLY_ACTIVE_ARCH = YES;
				SDKROOT = iphoneos;
				SWIFT_ACTIVE_COMPILATION_CONDITIONS = DEBUG;
				SWIFT_OPTIMIZATION_LEVEL = "-Onone";
			};
			name = Debug;
		};
		F1CC6CF223151BF200CBC6F7 /* Release */ = {
			isa = XCBuildConfiguration;
			buildSettings = {
				ALWAYS_SEARCH_USER_PATHS = NO;
				CLANG_ANALYZER_NONNULL = YES;
				CLANG_ANALYZER_NUMBER_OBJECT_CONVERSION = YES_AGGRESSIVE;
				CLANG_CXX_LANGUAGE_STANDARD = "gnu++14";
				CLANG_CXX_LIBRARY = "libc++";
				CLANG_ENABLE_MODULES = YES;
				CLANG_ENABLE_OBJC_ARC = YES;
				CLANG_ENABLE_OBJC_WEAK = YES;
				CLANG_WARN_BLOCK_CAPTURE_AUTORELEASING = YES;
				CLANG_WARN_BOOL_CONVERSION = YES;
				CLANG_WARN_COMMA = YES;
				CLANG_WARN_CONSTANT_CONVERSION = YES;
				CLANG_WARN_DEPRECATED_OBJC_IMPLEMENTATIONS = YES;
				CLANG_WARN_DIRECT_OBJC_ISA_USAGE = YES_ERROR;
				CLANG_WARN_DOCUMENTATION_COMMENTS = YES;
				CLANG_WARN_EMPTY_BODY = YES;
				CLANG_WARN_ENUM_CONVERSION = YES;
				CLANG_WARN_INFINITE_RECURSION = YES;
				CLANG_WARN_INT_CONVERSION = YES;
				CLANG_WARN_NON_LITERAL_NULL_CONVERSION = YES;
				CLANG_WARN_OBJC_IMPLICIT_RETAIN_SELF = YES;
				CLANG_WARN_OBJC_LITERAL_CONVERSION = YES;
				CLANG_WARN_OBJC_ROOT_CLASS = YES_ERROR;
				CLANG_WARN_RANGE_LOOP_ANALYSIS = YES;
				CLANG_WARN_STRICT_PROTOTYPES = YES;
				CLANG_WARN_SUSPICIOUS_MOVE = YES;
				CLANG_WARN_UNGUARDED_AVAILABILITY = YES_AGGRESSIVE;
				CLANG_WARN_UNREACHABLE_CODE = YES;
				CLANG_WARN__DUPLICATE_METHOD_MATCH = YES;
				CODE_SIGN_IDENTITY = "iPhone Developer";
				COPY_PHASE_STRIP = NO;
				DEBUG_INFORMATION_FORMAT = "dwarf-with-dsym";
				ENABLE_NS_ASSERTIONS = NO;
				ENABLE_STRICT_OBJC_MSGSEND = YES;
				GCC_C_LANGUAGE_STANDARD = gnu11;
				GCC_NO_COMMON_BLOCKS = YES;
				GCC_WARN_64_TO_32_BIT_CONVERSION = YES;
				GCC_WARN_ABOUT_RETURN_TYPE = YES_ERROR;
				GCC_WARN_UNDECLARED_SELECTOR = YES;
				GCC_WARN_UNINITIALIZED_AUTOS = YES_AGGRESSIVE;
				GCC_WARN_UNUSED_FUNCTION = YES;
				GCC_WARN_UNUSED_VARIABLE = YES;
				IPHONEOS_DEPLOYMENT_TARGET = 12.4;
				MTL_ENABLE_DEBUG_INFO = NO;
				MTL_FAST_MATH = YES;
				SDKROOT = iphoneos;
				SWIFT_COMPILATION_MODE = wholemodule;
				SWIFT_OPTIMIZATION_LEVEL = "-O";
				VALIDATE_PRODUCT = YES;
			};
			name = Release;
		};
		F1CC6CF423151BF200CBC6F7 /* Debug */ = {
			isa = XCBuildConfiguration;
			buildSettings = {
				ASSETCATALOG_COMPILER_APPICON_NAME = AppIcon;
				CODE_SIGN_STYLE = Automatic;
				DEVELOPMENT_TEAM = D4YAKH82G8;
				INFOPLIST_FILE = HashLabelDemo/Info.plist;
				IPHONEOS_DEPLOYMENT_TARGET = 10.0;
				LD_RUNPATH_SEARCH_PATHS = (
					"$(inherited)",
					"@executable_path/Frameworks",
				);
				PRODUCT_BUNDLE_IDENTIFIER = com.whatzwhat.HashLabelDemo;
				PRODUCT_NAME = "$(TARGET_NAME)";
				SWIFT_VERSION = 5.0;
				TARGETED_DEVICE_FAMILY = "1,2";
			};
			name = Debug;
		};
		F1CC6CF523151BF200CBC6F7 /* Release */ = {
			isa = XCBuildConfiguration;
			buildSettings = {
				ASSETCATALOG_COMPILER_APPICON_NAME = AppIcon;
				CODE_SIGN_STYLE = Automatic;
				DEVELOPMENT_TEAM = D4YAKH82G8;
				INFOPLIST_FILE = HashLabelDemo/Info.plist;
				IPHONEOS_DEPLOYMENT_TARGET = 10.0;
				LD_RUNPATH_SEARCH_PATHS = (
					"$(inherited)",
					"@executable_path/Frameworks",
				);
				PRODUCT_BUNDLE_IDENTIFIER = com.whatzwhat.HashLabelDemo;
				PRODUCT_NAME = "$(TARGET_NAME)";
				SWIFT_VERSION = 5.0;
				TARGETED_DEVICE_FAMILY = "1,2";
			};
			name = Release;
		};
/* End XCBuildConfiguration section */

/* Begin XCConfigurationList section */
		F1CC6CDC23151BF100CBC6F7 /* Build configuration list for PBXProject "HashLabelDemo" */ = {
			isa = XCConfigurationList;
			buildConfigurations = (
				F1CC6CF123151BF200CBC6F7 /* Debug */,
				F1CC6CF223151BF200CBC6F7 /* Release */,
			);
			defaultConfigurationIsVisible = 0;
			defaultConfigurationName = Release;
		};
		F1CC6CF323151BF200CBC6F7 /* Build configuration list for PBXNativeTarget "HashLabelDemo" */ = {
			isa = XCConfigurationList;
			buildConfigurations = (
				F1CC6CF423151BF200CBC6F7 /* Debug */,
				F1CC6CF523151BF200CBC6F7 /* Release */,
			);
			defaultConfigurationIsVisible = 0;
			defaultConfigurationName = Release;
		};
/* End XCConfigurationList section */
	};
	rootObject = F1CC6CD923151BF100CBC6F7 /* Project object */;
}
